
Microsoft Visual Studio Solution File, Format Version 12.00
Project("{FAE04EC0-301F-11D3-BF4B-00C04F79EFBC}") = "Sx", "Sx\Sx.csproj", "{EBAB7BAF-5903-4252-BE94-A57148CF6EC0}"
EndProject
Global
	GlobalSection(SolutionConfigurationPlatforms) = preSolution
		Debug|Any CPU = Debug|Any CPU
		Release|Any CPU = Release|Any CPU
	EndGlobalSection
	GlobalSection(ProjectConfigurationPlatforms) = postSolution
		{EBAB7BAF-5903-4252-BE94-A57148CF6EC0}.Debug|Any CPU.ActiveCfg = Debug|Any CPU
		{EBAB7BAF-5903-4252-BE94-A57148CF6EC0}.Debug|Any CPU.Build.0 = Debug|Any CPU
		{EBAB7BAF-5903-4252-BE94-A57148CF6EC0}.Release|Any CPU.ActiveCfg = Release|Any CPU
		{EBAB7BAF-5903-4252-BE94-A57148CF6EC0}.Release|Any CPU.Build.0 = Release|Any CPU
	EndGlobalSection
EndGlobal
